
Microsoft Visual Studio Solution File, Format Version 12.00
# Visual Studio 15
VisualStudioVersion = 15.0.28307.329
MinimumVisualStudioVersion = 10.0.40219.1
Project("{FAE04EC0-301F-11D3-BF4B-00C04F79EFBC}") = "CrimeAnalyzer", "CrimeAnalyzer\CrimeAnalyzer.csproj", "{0A9E9F4C-01CF-4FA3-9C01-BB2DBBEC70FC}"
EndProject
Global
	GlobalSection(SolutionConfigurationPlatforms) = preSolution
		Debug|Any CPU = Debug|Any CPU
		Release|Any CPU = Release|Any CPU
	EndGlobalSection
	GlobalSection(ProjectConfigurationPlatforms) = postSolution
		{0A9E9F4C-01CF-4FA3-9C01-BB2DBBEC70FC}.Debug|Any CPU.ActiveCfg = Debug|Any CPU
		{0A9E9F4C-01CF-4FA3-9C01-BB2DBBEC70FC}.Debug|Any CPU.Build.0 = Debug|Any CPU
		{0A9E9F4C-01CF-4FA3-9C01-BB2DBBEC70FC}.Release|Any CPU.ActiveCfg = Release|Any CPU
		{0A9E9F4C-01CF-4FA3-9C01-BB2DBBEC70FC}.Release|Any CPU.Build.0 = Release|Any CPU
	EndGlobalSection
	GlobalSection(SolutionProperties) = preSolution
		HideSolutionNode = FALSE
	EndGlobalSection
	GlobalSection(ExtensibilityGlobals) = postSolution
		SolutionGuid = {4E9695FB-9F87-4538-9ADE-D05529A72758}
	EndGlobalSection
EndGlobal
